
Microsoft Visual Studio Solution File, Format Version 12.00
# Visual Studio 15
VisualStudioVersion = 15.0.28307.1433
MinimumVisualStudioVersion = 10.0.40219.1
Project("{FAE04EC0-301F-11D3-BF4B-00C04F79EFBC}") = "ownPizzaAPI", "ownPizzaAPI\ownPizzaAPI.csproj", "{3DB7EAFF-7C26-4321-97B0-FC6300EF0D73}"
EndProject
Global
	GlobalSection(SolutionConfigurationPlatforms) = preSolution
		Debug|Any CPU = Debug|Any CPU
		Release|Any CPU = Release|Any CPU
	EndGlobalSection
	GlobalSection(ProjectConfigurationPlatforms) = postSolution
		{3DB7EAFF-7C26-4321-97B0-FC6300EF0D73}.Debug|Any CPU.ActiveCfg = Debug|Any CPU
		{3DB7EAFF-7C26-4321-97B0-FC6300EF0D73}.Debug|Any CPU.Build.0 = Debug|Any CPU
		{3DB7EAFF-7C26-4321-97B0-FC6300EF0D73}.Release|Any CPU.ActiveCfg = Release|Any CPU
		{3DB7EAFF-7C26-4321-97B0-FC6300EF0D73}.Release|Any CPU.Build.0 = Release|Any CPU
	EndGlobalSection
	GlobalSection(SolutionProperties) = preSolution
		HideSolutionNode = FALSE
	EndGlobalSection
	GlobalSection(ExtensibilityGlobals) = postSolution
		SolutionGuid = {10AE7D43-B3ED-476A-9004-D6AF2CCEB105}
	EndGlobalSection
EndGlobal
